# THIS IS AN AUTOGENERATED FILE. DO NOT EDIT THIS FILE DIRECTLY.
# yarn lockfile v1


"js-tokens@^3.0.0 || ^4.0.0":
  version "4.0.0"
  resolved "https://artifactory.persgroep.cloud/artifactory/api/npm/npm/js-tokens/-/js-tokens-4.0.0.tgz#19203fb59991df98e3a287050d4647cdeaf32499"
  integrity sha1-GSA/tZmR35jjoocFDUZHzerzJJk=

loose-envify@^1.4.0:
  version "1.4.0"
  resolved "https://artifactory.persgroep.cloud/artifactory/api/npm/npm/loose-envify/-/loose-envify-1.4.0.tgz#71ee51fa7be4caec1a63839f7e682d8132d30caf"
  integrity sha1-ce5R+nvkyuwaY4OffmgtgTLTDK8=
  dependencies:
    js-tokens "^3.0.0 || ^4.0.0"

object-assign@^4.1.1:
  version "4.1.1"
  resolved "https://artifactory.persgroep.cloud/artifactory/api/npm/npm/object-assign/-/object-assign-4.1.1.tgz#2109adc7965887cfc05cbbd442cac8bfbb360863"
  integrity sha1-IQmtx5ZYh8/AXLvUQsrIv7s2CGM=

prop-types@^15.5.10:
  version "15.7.2"
  resolved "https://artifactory.persgroep.cloud/artifactory/api/npm/npm/prop-types/-/prop-types-15.7.2.tgz#52c41e75b8c87e72b9d9360e0206b99dcbffa6c5"
  integrity sha1-UsQedbjIfnK52TYOAga5ncv/psU=
  dependencies:
    loose-envify "^1.4.0"
    object-assign "^4.1.1"
    react-is "^16.8.1"

react-blockies@^1.4.1:
  version "1.4.1"
  resolved "https://artifactory.persgroep.cloud/artifactory/api/npm/npm/react-blockies/-/react-blockies-1.4.1.tgz#d4f0faf95ac197213a297a370a4d7f77ea3d0b08"
  integrity sha1-1PD6+VrBlyE6KXo3Ck1/d+o9Cwg=
  dependencies:
    prop-types "^15.5.10"

react-is@^16.8.1:
  version "16.8.6"
  resolved "https://artifactory.persgroep.cloud/artifactory/api/npm/npm/react-is/-/react-is-16.8.6.tgz#5bbc1e2d29141c9fbdfed456343fe2bc430a6a16"
  integrity sha1-W7weLSkUHJ+9/tRWND/ivEMKahY=
